
Microsoft Visual Studio Solution File, Format Version 12.00
# Visual Studio Version 17
VisualStudioVersion = 17.0.31912.275
MinimumVisualStudioVersion = 10.0.40219.1
Project("{9A19103F-16F7-4668-BE54-9A1E7A4F7556}") = "ClientWebAppService.PartnerProfile", "ClientWebAppService.PartnerProfile\ClientWebAppService.PartnerProfile.csproj", "{F6146C32-77A1-4065-8EF8-671457375BBC}"
EndProject
Project("{9A19103F-16F7-4668-BE54-9A1E7A4F7556}") = "ClientWebAppService.PartnerProfile.Business.Tests", "ClientWebAppService.PartnerProfile.Business.Tests\ClientWebAppService.PartnerProfile.Business.Tests.csproj", "{B3E749A2-7561-4309-A6D1-49EAB588692C}"
EndProject
Project("{9A19103F-16F7-4668-BE54-9A1E7A4F7556}") = "ClientWebAppService.UserProfile", "ClientWebAppService.UserProfile\ClientWebAppService.UserProfile.csproj", "{462AE483-0D67-4D4A-BF7B-9AF0FCD61BE3}"
EndProject
Project("{9A19103F-16F7-4668-BE54-9A1E7A4F7556}") = "ClientWebAppService.UserProfile.Business.Tests", "ClientWebAppService.UserProfile.Business.Tests\ClientWebAppService.UserProfile.Business.Tests.csproj", "{9840DF73-525E-4D5B-81DA-2CE6F546595B}"
EndProject
Project("{9A19103F-16F7-4668-BE54-9A1E7A4F7556}") = "ClientWebAppService.PosProfile", "ClientWebAppService.PosProfile\ClientWebAppService.PosProfile.csproj", "{72AC6CF9-A420-4114-B8E8-3150B55D94A3}"
EndProject
Project("{9A19103F-16F7-4668-BE54-9A1E7A4F7556}") = "ClientWebAppService.PosProfile.Tests", "ClientWebAppService.PosProfile.Tests\ClientWebAppService.PosProfile.Tests.csproj", "{6CF766EC-3064-48F6-A967-67B40A235B9F}"
EndProject
Project("{2150E333-8FDC-42A3-9474-1A3956D46DE8}") = "Tests", "Tests", "{B509A0C7-0210-479A-BB4F-FB5B41C83765}"
EndProject
Project("{9A19103F-16F7-4668-BE54-9A1E7A4F7556}") = "ClientWebAppService.AuditLog", "ClientWebAppService.AuditLog\ClientWebAppService.AuditLog.csproj", "{BF754CC6-A0E8-4A69-A24F-2B73187A779F}"
EndProject
Project("{9A19103F-16F7-4668-BE54-9A1E7A4F7556}") = "ClientWebAppService.AuditLog.Business.Tests", "ClientWebAppService.AuditLog.Business.Tests\ClientWebAppService.AuditLog.Business.Tests.csproj", "{D0072279-BFE8-409E-9BE8-C89F55DB2670}"
EndProject
Global
	GlobalSection(SolutionConfigurationPlatforms) = preSolution
		Debug|Any CPU = Debug|Any CPU
		Release|Any CPU = Release|Any CPU
	EndGlobalSection
	GlobalSection(ProjectConfigurationPlatforms) = postSolution
		{F6146C32-77A1-4065-8EF8-671457375BBC}.Debug|Any CPU.ActiveCfg = Debug|Any CPU
		{F6146C32-77A1-4065-8EF8-671457375BBC}.Debug|Any CPU.Build.0 = Debug|Any CPU
		{F6146C32-77A1-4065-8EF8-671457375BBC}.Release|Any CPU.ActiveCfg = Release|Any CPU
		{F6146C32-77A1-4065-8EF8-671457375BBC}.Release|Any CPU.Build.0 = Release|Any CPU
		{B3E749A2-7561-4309-A6D1-49EAB588692C}.Debug|Any CPU.ActiveCfg = Debug|Any CPU
		{B3E749A2-7561-4309-A6D1-49EAB588692C}.Debug|Any CPU.Build.0 = Debug|Any CPU
		{B3E749A2-7561-4309-A6D1-49EAB588692C}.Release|Any CPU.ActiveCfg = Release|Any CPU
		{B3E749A2-7561-4309-A6D1-49EAB588692C}.Release|Any CPU.Build.0 = Release|Any CPU
		{462AE483-0D67-4D4A-BF7B-9AF0FCD61BE3}.Debug|Any CPU.ActiveCfg = Debug|Any CPU
		{462AE483-0D67-4D4A-BF7B-9AF0FCD61BE3}.Debug|Any CPU.Build.0 = Debug|Any CPU
		{462AE483-0D67-4D4A-BF7B-9AF0FCD61BE3}.Release|Any CPU.ActiveCfg = Release|Any CPU
		{462AE483-0D67-4D4A-BF7B-9AF0FCD61BE3}.Release|Any CPU.Build.0 = Release|Any CPU
		{9840DF73-525E-4D5B-81DA-2CE6F546595B}.Debug|Any CPU.ActiveCfg = Debug|Any CPU
		{9840DF73-525E-4D5B-81DA-2CE6F546595B}.Debug|Any CPU.Build.0 = Debug|Any CPU
		{9840DF73-525E-4D5B-81DA-2CE6F546595B}.Release|Any CPU.ActiveCfg = Release|Any CPU
		{9840DF73-525E-4D5B-81DA-2CE6F546595B}.Release|Any CPU.Build.0 = Release|Any CPU
		{72AC6CF9-A420-4114-B8E8-3150B55D94A3}.Debug|Any CPU.ActiveCfg = Debug|Any CPU
		{72AC6CF9-A420-4114-B8E8-3150B55D94A3}.Debug|Any CPU.Build.0 = Debug|Any CPU
		{72AC6CF9-A420-4114-B8E8-3150B55D94A3}.Release|Any CPU.ActiveCfg = Release|Any CPU
		{72AC6CF9-A420-4114-B8E8-3150B55D94A3}.Release|Any CPU.Build.0 = Release|Any CPU
		{6CF766EC-3064-48F6-A967-67B40A235B9F}.Debug|Any CPU.ActiveCfg = Debug|Any CPU
		{6CF766EC-3064-48F6-A967-67B40A235B9F}.Debug|Any CPU.Build.0 = Debug|Any CPU
		{6CF766EC-3064-48F6-A967-67B40A235B9F}.Release|Any CPU.ActiveCfg = Release|Any CPU
		{6CF766EC-3064-48F6-A967-67B40A235B9F}.Release|Any CPU.Build.0 = Release|Any CPU
		{BF754CC6-A0E8-4A69-A24F-2B73187A779F}.Debug|Any CPU.ActiveCfg = Debug|Any CPU
		{BF754CC6-A0E8-4A69-A24F-2B73187A779F}.Debug|Any CPU.Build.0 = Debug|Any CPU
		{BF754CC6-A0E8-4A69-A24F-2B73187A779F}.Release|Any CPU.ActiveCfg = Release|Any CPU
		{BF754CC6-A0E8-4A69-A24F-2B73187A779F}.Release|Any CPU.Build.0 = Release|Any CPU
		{D0072279-BFE8-409E-9BE8-C89F55DB2670}.Debug|Any CPU.ActiveCfg = Debug|Any CPU
		{D0072279-BFE8-409E-9BE8-C89F55DB2670}.Debug|Any CPU.Build.0 = Debug|Any CPU
		{D0072279-BFE8-409E-9BE8-C89F55DB2670}.Release|Any CPU.ActiveCfg = Release|Any CPU
		{D0072279-BFE8-409E-9BE8-C89F55DB2670}.Release|Any CPU.Build.0 = Release|Any CPU
	EndGlobalSection
	GlobalSection(SolutionProperties) = preSolution
		HideSolutionNode = FALSE
	EndGlobalSection
	GlobalSection(NestedProjects) = preSolution
		{B3E749A2-7561-4309-A6D1-49EAB588692C} = {B509A0C7-0210-479A-BB4F-FB5B41C83765}
		{9840DF73-525E-4D5B-81DA-2CE6F546595B} = {B509A0C7-0210-479A-BB4F-FB5B41C83765}
		{6CF766EC-3064-48F6-A967-67B40A235B9F} = {B509A0C7-0210-479A-BB4F-FB5B41C83765}
		{D0072279-BFE8-409E-9BE8-C89F55DB2670} = {B509A0C7-0210-479A-BB4F-FB5B41C83765}
	EndGlobalSection
	GlobalSection(ExtensibilityGlobals) = postSolution
		SolutionGuid = {E11CA471-A3CB-47EE-A95E-EAC4265184B4}
	EndGlobalSection
EndGlobal
